
Microsoft Visual Studio Solution File, Format Version 12.00
# Visual Studio Version 17
VisualStudioVersion = 17.14.36301.6 d17.14
MinimumVisualStudioVersion = 10.0.40219.1
Project("{FAE04EC0-301F-11D3-BF4B-00C04F79EFBC}") = "server", "server\server.csproj", "{DB09F007-7B19-42C9-BE9E-3B26D38C933A}"
EndProject
Global
	GlobalSection(SolutionConfigurationPlatforms) = preSolution
		Debug|Any CPU = Debug|Any CPU
		Release|Any CPU = Release|Any CPU
	EndGlobalSection
	GlobalSection(ProjectConfigurationPlatforms) = postSolution
		{DB09F007-7B19-42C9-BE9E-3B26D38C933A}.Debug|Any CPU.ActiveCfg = Debug|Any CPU
		{DB09F007-7B19-42C9-BE9E-3B26D38C933A}.Debug|Any CPU.Build.0 = Debug|Any CPU
		{DB09F007-7B19-42C9-BE9E-3B26D38C933A}.Release|Any CPU.ActiveCfg = Release|Any CPU
		{DB09F007-7B19-42C9-BE9E-3B26D38C933A}.Release|Any CPU.Build.0 = Release|Any CPU
	EndGlobalSection
	GlobalSection(SolutionProperties) = preSolution
		HideSolutionNode = FALSE
	EndGlobalSection
	GlobalSection(ExtensibilityGlobals) = postSolution
		SolutionGuid = {2BB5169A-0CC5-4DE3-A903-42E0AB235ED4}
	EndGlobalSection
EndGlobal
