
Microsoft Visual Studio Solution File, Format Version 12.00
# Visual Studio Version 17
VisualStudioVersion = 17.14.36301.6
MinimumVisualStudioVersion = 10.0.40219.1
Project("{FAE04EC0-301F-11D3-BF4B-00C04F79EFBC}") = "BrainRing.Server", "BrainRing.Server\BrainRing.Server.csproj", "{7E5C6598-982E-4184-B160-4FEF162B9AA2}"
EndProject
Project("{FAE04EC0-301F-11D3-BF4B-00C04F79EFBC}") = "BrainRing.Shared", "BrainRing.Shared\BrainRing.Shared.csproj", "{FF1EC6BC-4744-4C7A-B8E3-58A114020004}"
EndProject
Project("{FAE04EC0-301F-11D3-BF4B-00C04F79EFBC}") = "BrainRing.Domain", "BrainRing.Domain\BrainRing.Domain.csproj", "{0142CA01-C623-48C5-AF96-6B763CD95878}"
EndProject
Project("{FAE04EC0-301F-11D3-BF4B-00C04F79EFBC}") = "BrainRing.DbAdapter", "BrainRing.DAL\BrainRing.DbAdapter.csproj", "{4011B9F3-6F88-4989-9BBD-B46C57597C8D}"
EndProject
Project("{FAE04EC0-301F-11D3-BF4B-00C04F79EFBC}") = "BrainRing.Application", "BrainRing.Application\BrainRing.Application.csproj", "{84334E3F-60F3-4AA0-93E8-8FB2B488E5DA}"
EndProject
Global
	GlobalSection(SolutionConfigurationPlatforms) = preSolution
		Debug|Any CPU = Debug|Any CPU
		Release|Any CPU = Release|Any CPU
	EndGlobalSection
	GlobalSection(ProjectConfigurationPlatforms) = postSolution
		{7E5C6598-982E-4184-B160-4FEF162B9AA2}.Debug|Any CPU.ActiveCfg = Debug|Any CPU
		{7E5C6598-982E-4184-B160-4FEF162B9AA2}.Debug|Any CPU.Build.0 = Debug|Any CPU
		{7E5C6598-982E-4184-B160-4FEF162B9AA2}.Release|Any CPU.ActiveCfg = Release|Any CPU
		{7E5C6598-982E-4184-B160-4FEF162B9AA2}.Release|Any CPU.Build.0 = Release|Any CPU
		{FF1EC6BC-4744-4C7A-B8E3-58A114020004}.Debug|Any CPU.ActiveCfg = Debug|Any CPU
		{FF1EC6BC-4744-4C7A-B8E3-58A114020004}.Debug|Any CPU.Build.0 = Debug|Any CPU
		{FF1EC6BC-4744-4C7A-B8E3-58A114020004}.Release|Any CPU.ActiveCfg = Release|Any CPU
		{FF1EC6BC-4744-4C7A-B8E3-58A114020004}.Release|Any CPU.Build.0 = Release|Any CPU
		{0142CA01-C623-48C5-AF96-6B763CD95878}.Debug|Any CPU.ActiveCfg = Debug|Any CPU
		{0142CA01-C623-48C5-AF96-6B763CD95878}.Debug|Any CPU.Build.0 = Debug|Any CPU
		{0142CA01-C623-48C5-AF96-6B763CD95878}.Release|Any CPU.ActiveCfg = Release|Any CPU
		{0142CA01-C623-48C5-AF96-6B763CD95878}.Release|Any CPU.Build.0 = Release|Any CPU
		{4011B9F3-6F88-4989-9BBD-B46C57597C8D}.Debug|Any CPU.ActiveCfg = Debug|Any CPU
		{4011B9F3-6F88-4989-9BBD-B46C57597C8D}.Debug|Any CPU.Build.0 = Debug|Any CPU
		{4011B9F3-6F88-4989-9BBD-B46C57597C8D}.Release|Any CPU.ActiveCfg = Release|Any CPU
		{4011B9F3-6F88-4989-9BBD-B46C57597C8D}.Release|Any CPU.Build.0 = Release|Any CPU
		{84334E3F-60F3-4AA0-93E8-8FB2B488E5DA}.Debug|Any CPU.ActiveCfg = Debug|Any CPU
		{84334E3F-60F3-4AA0-93E8-8FB2B488E5DA}.Debug|Any CPU.Build.0 = Debug|Any CPU
		{84334E3F-60F3-4AA0-93E8-8FB2B488E5DA}.Release|Any CPU.ActiveCfg = Release|Any CPU
		{84334E3F-60F3-4AA0-93E8-8FB2B488E5DA}.Release|Any CPU.Build.0 = Release|Any CPU
	EndGlobalSection
	GlobalSection(SolutionProperties) = preSolution
		HideSolutionNode = FALSE
	EndGlobalSection
	GlobalSection(ExtensibilityGlobals) = postSolution
		SolutionGuid = {236E71A8-7059-4145-83E3-5517B8D6034A}
	EndGlobalSection
EndGlobal
