
Microsoft Visual Studio Solution File, Format Version 12.00
# Visual Studio Version 17
VisualStudioVersion = 17.14.36301.6
MinimumVisualStudioVersion = 10.0.40219.1
Project("{FAE04EC0-301F-11D3-BF4B-00C04F79EFBC}") = "VideothequeTcpApp.Server", "VideothequeTcpApp.Server\VideothequeTcpApp.Server.csproj", "{C77EC717-BDE0-4CB4-9214-AEF8C8015574}"
EndProject
Project("{FAE04EC0-301F-11D3-BF4B-00C04F79EFBC}") = "VideothequeTcpApp.Wpf", "VideothequeTcpApp.Wpf\VideothequeTcpApp.Wpf.csproj", "{E03E59A1-3342-4096-989E-411B5F0129C5}"
EndProject
Project("{FAE04EC0-301F-11D3-BF4B-00C04F79EFBC}") = "VideothequeTcpApp.Models", "VideothequeTcpApp.Models\VideothequeTcpApp.Models.csproj", "{7BC9EC53-98C3-4C74-A2B3-E8D729F486F4}"
EndProject
Project("{FAE04EC0-301F-11D3-BF4B-00C04F79EFBC}") = "VideothequeTcpApp.VideoService", "VideothequeTcpApp.VideoService\VideothequeTcpApp.VideoService.csproj", "{E5F7D0A6-2263-4877-8D72-9AB195C74949}"
EndProject
Project("{FAE04EC0-301F-11D3-BF4B-00C04F79EFBC}") = "VideothequeTcpApp.Networking", "VideothequeTcpApp.Networking\VideothequeTcpApp.Networking.csproj", "{F191D9B7-8C60-4CA6-9FB5-140F21340187}"
EndProject
Global
	GlobalSection(SolutionConfigurationPlatforms) = preSolution
		Debug|Any CPU = Debug|Any CPU
		Release|Any CPU = Release|Any CPU
	EndGlobalSection
	GlobalSection(ProjectConfigurationPlatforms) = postSolution
		{C77EC717-BDE0-4CB4-9214-AEF8C8015574}.Debug|Any CPU.ActiveCfg = Debug|Any CPU
		{C77EC717-BDE0-4CB4-9214-AEF8C8015574}.Debug|Any CPU.Build.0 = Debug|Any CPU
		{C77EC717-BDE0-4CB4-9214-AEF8C8015574}.Release|Any CPU.ActiveCfg = Release|Any CPU
		{C77EC717-BDE0-4CB4-9214-AEF8C8015574}.Release|Any CPU.Build.0 = Release|Any CPU
		{E03E59A1-3342-4096-989E-411B5F0129C5}.Debug|Any CPU.ActiveCfg = Debug|Any CPU
		{E03E59A1-3342-4096-989E-411B5F0129C5}.Debug|Any CPU.Build.0 = Debug|Any CPU
		{E03E59A1-3342-4096-989E-411B5F0129C5}.Release|Any CPU.ActiveCfg = Release|Any CPU
		{E03E59A1-3342-4096-989E-411B5F0129C5}.Release|Any CPU.Build.0 = Release|Any CPU
		{7BC9EC53-98C3-4C74-A2B3-E8D729F486F4}.Debug|Any CPU.ActiveCfg = Debug|Any CPU
		{7BC9EC53-98C3-4C74-A2B3-E8D729F486F4}.Debug|Any CPU.Build.0 = Debug|Any CPU
		{7BC9EC53-98C3-4C74-A2B3-E8D729F486F4}.Release|Any CPU.ActiveCfg = Release|Any CPU
		{7BC9EC53-98C3-4C74-A2B3-E8D729F486F4}.Release|Any CPU.Build.0 = Release|Any CPU
		{E5F7D0A6-2263-4877-8D72-9AB195C74949}.Debug|Any CPU.ActiveCfg = Debug|Any CPU
		{E5F7D0A6-2263-4877-8D72-9AB195C74949}.Debug|Any CPU.Build.0 = Debug|Any CPU
		{E5F7D0A6-2263-4877-8D72-9AB195C74949}.Release|Any CPU.ActiveCfg = Release|Any CPU
		{E5F7D0A6-2263-4877-8D72-9AB195C74949}.Release|Any CPU.Build.0 = Release|Any CPU
		{F191D9B7-8C60-4CA6-9FB5-140F21340187}.Debug|Any CPU.ActiveCfg = Debug|Any CPU
		{F191D9B7-8C60-4CA6-9FB5-140F21340187}.Debug|Any CPU.Build.0 = Debug|Any CPU
		{F191D9B7-8C60-4CA6-9FB5-140F21340187}.Release|Any CPU.ActiveCfg = Release|Any CPU
		{F191D9B7-8C60-4CA6-9FB5-140F21340187}.Release|Any CPU.Build.0 = Release|Any CPU
	EndGlobalSection
	GlobalSection(SolutionProperties) = preSolution
		HideSolutionNode = FALSE
	EndGlobalSection
	GlobalSection(ExtensibilityGlobals) = postSolution
		SolutionGuid = {191C299C-5A7B-4578-9A73-BD94178E900A}
	EndGlobalSection
EndGlobal
